
Microsoft Visual Studio Solution File, Format Version 12.00
Project("{FAE04EC0-301F-11D3-BF4B-00C04F79EFBC}") = "triathlon_tutoring", "triathlon_tutoring\triathlon_tutoring.csproj", "{EEC6966A-E2B1-4C80-AC70-6FEAB833CBFF}"
EndProject
Global
	GlobalSection(SolutionConfigurationPlatforms) = preSolution
		Debug|Any CPU = Debug|Any CPU
		Release|Any CPU = Release|Any CPU
	EndGlobalSection
	GlobalSection(ProjectConfigurationPlatforms) = postSolution
		{EEC6966A-E2B1-4C80-AC70-6FEAB833CBFF}.Debug|Any CPU.ActiveCfg = Debug|Any CPU
		{EEC6966A-E2B1-4C80-AC70-6FEAB833CBFF}.Debug|Any CPU.Build.0 = Debug|Any CPU
		{EEC6966A-E2B1-4C80-AC70-6FEAB833CBFF}.Release|Any CPU.ActiveCfg = Release|Any CPU
		{EEC6966A-E2B1-4C80-AC70-6FEAB833CBFF}.Release|Any CPU.Build.0 = Release|Any CPU
	EndGlobalSection
EndGlobal
